// !$*UTF8*$!
{
	archiveVersion = 1;
	classes = {
	};
	objectVersion = 46;
	objects = {

/* Begin PBXBuildFile section */
		14FBD3A56EFC630D8619D9B1 /* Pods_SmyrilLineTests.framework in Frameworks */ = {isa = PBXBuildFile; fileRef = A51A91D91AD7A82C79BCE1CE /* Pods_SmyrilLineTests.framework */; };
		7CF004C922E69301DBC7A534 /* Pods_SmyrilLine.framework in Frameworks */ = {isa = PBXBuildFile; fileRef = 1A5B25EA4450B07F37810B3B /* Pods_SmyrilLine.framework */; };
		8492A0801F0CA4F000985C63 /* AppDelegate.swift in Sources */ = {isa = PBXBuildFile; fileRef = 8492A07F1F0CA4F000985C63 /* AppDelegate.swift */; };
		8492A0821F0CA4F000985C63 /* ViewController.swift in Sources */ = {isa = PBXBuildFile; fileRef = 8492A0811F0CA4F000985C63 /* ViewController.swift */; };
		8492A0851F0CA4F000985C63 /* Main.storyboard in Resources */ = {isa = PBXBuildFile; fileRef = 8492A0831F0CA4F000985C63 /* Main.storyboard */; };
		8492A0881F0CA4F000985C63 /* SmyrilLine.xcdatamodeld in Sources */ = {isa = PBXBuildFile; fileRef = 8492A0861F0CA4F000985C63 /* SmyrilLine.xcdatamodeld */; };
		8492A08D1F0CA4F000985C63 /* LaunchScreen.storyboard in Resources */ = {isa = PBXBuildFile; fileRef = 8492A08B1F0CA4F000985C63 /* LaunchScreen.storyboard */; };
		8492A0981F0CA4F100985C63 /* SmyrilLineTests.swift in Sources */ = {isa = PBXBuildFile; fileRef = 8492A0971F0CA4F100985C63 /* SmyrilLineTests.swift */; };
		8492A0A31F0CA57700985C63 /* Assets.xcassets in Resources */ = {isa = PBXBuildFile; fileRef = 8492A0A21F0CA57700985C63 /* Assets.xcassets */; };
		8492A0A61F0CA5A800985C63 /* MenuViewController.swift in Sources */ = {isa = PBXBuildFile; fileRef = 8492A0A51F0CA5A800985C63 /* MenuViewController.swift */; };
		8492A0A81F0CA7A800985C63 /* MenuCollectionViewCell.swift in Sources */ = {isa = PBXBuildFile; fileRef = 8492A0A71F0CA7A800985C63 /* MenuCollectionViewCell.swift */; };
		84C5F1061F0E0D2E00EBB709 /* TaxFreeViewController.swift in Sources */ = {isa = PBXBuildFile; fileRef = 84C5F1051F0E0D2E00EBB709 /* TaxFreeViewController.swift */; };
		84C5F1081F0E0F4C00EBB709 /* StarshipHeader.xib in Resources */ = {isa = PBXBuildFile; fileRef = 84C5F1071F0E0F4C00EBB709 /* StarshipHeader.xib */; };
		84C5F10A1F0E142500EBB709 /* TaxFreeCollectionViewCell.swift in Sources */ = {isa = PBXBuildFile; fileRef = 84C5F1091F0E142500EBB709 /* TaxFreeCollectionViewCell.swift */; };
		84C5F10E1F0E318A00EBB709 /* AFWrapper.swift in Sources */ = {isa = PBXBuildFile; fileRef = 84C5F10D1F0E318A00EBB709 /* AFWrapper.swift */; };
		84C5F1101F0E4FCD00EBB709 /* TaxFreeShop.swift in Sources */ = {isa = PBXBuildFile; fileRef = 84C5F10F1F0E4FCD00EBB709 /* TaxFreeShop.swift */; };
		84C5F1121F0E514C00EBB709 /* TaxFreeProducts.swift in Sources */ = {isa = PBXBuildFile; fileRef = 84C5F1111F0E514C00EBB709 /* TaxFreeProducts.swift */; };
		84C5F1141F0E5E6700EBB709 /* WebService.swift in Sources */ = {isa = PBXBuildFile; fileRef = 84C5F1131F0E5E6700EBB709 /* WebService.swift */; };
/* End PBXBuildFile section */

/* Begin PBXContainerItemProxy section */
		8492A0941F0CA4F100985C63 /* PBXContainerItemProxy */ = {
			isa = PBXContainerItemProxy;
			containerPortal = 8492A0741F0CA4F000985C63 /* Project object */;
			proxyType = 1;
			remoteGlobalIDString = 8492A07B1F0CA4F000985C63;
			remoteInfo = SmyrilLine;
		};
/* End PBXContainerItemProxy section */

/* Begin PBXFileReference section */
		1A5B25EA4450B07F37810B3B /* Pods_SmyrilLine.framework */ = {isa = PBXFileReference; explicitFileType = wrapper.framework; includeInIndex = 0; path = Pods_SmyrilLine.framework; sourceTree = BUILT_PRODUCTS_DIR; };
		33F8076934B39B7118F267E3 /* Pods-SmyrilLineTests.release.xcconfig */ = {isa = PBXFileReference; includeInIndex = 1; lastKnownFileType = text.xcconfig; name = "Pods-SmyrilLineTests.release.xcconfig"; path = "Pods/Target Support Files/Pods-SmyrilLineTests/Pods-SmyrilLineTests.release.xcconfig"; sourceTree = "<group>"; };
		8492A07C1F0CA4F000985C63 /* SmyrilLine.app */ = {isa = PBXFileReference; explicitFileType = wrapper.application; includeInIndex = 0; path = SmyrilLine.app; sourceTree = BUILT_PRODUCTS_DIR; };
		8492A07F1F0CA4F000985C63 /* AppDelegate.swift */ = {isa = PBXFileReference; lastKnownFileType = sourcecode.swift; path = AppDelegate.swift; sourceTree = "<group>"; };
		8492A0811F0CA4F000985C63 /* ViewController.swift */ = {isa = PBXFileReference; lastKnownFileType = sourcecode.swift; path = ViewController.swift; sourceTree = "<group>"; };
		8492A0841F0CA4F000985C63 /* Base */ = {isa = PBXFileReference; lastKnownFileType = file.storyboard; name = Base; path = Base.lproj/Main.storyboard; sourceTree = "<group>"; };
		8492A0871F0CA4F000985C63 /* SmyrilLine.xcdatamodel */ = {isa = PBXFileReference; lastKnownFileType = wrapper.xcdatamodel; path = SmyrilLine.xcdatamodel; sourceTree = "<group>"; };
		8492A08C1F0CA4F000985C63 /* Base */ = {isa = PBXFileReference; lastKnownFileType = file.storyboard; name = Base; path = Base.lproj/LaunchScreen.storyboard; sourceTree = "<group>"; };
		8492A08E1F0CA4F000985C63 /* Info.plist */ = {isa = PBXFileReference; lastKnownFileType = text.plist.xml; path = Info.plist; sourceTree = "<group>"; };
		8492A0931F0CA4F100985C63 /* SmyrilLineTests.xctest */ = {isa = PBXFileReference; explicitFileType = wrapper.cfbundle; includeInIndex = 0; path = SmyrilLineTests.xctest; sourceTree = BUILT_PRODUCTS_DIR; };
		8492A0971F0CA4F100985C63 /* SmyrilLineTests.swift */ = {isa = PBXFileReference; lastKnownFileType = sourcecode.swift; path = SmyrilLineTests.swift; sourceTree = "<group>"; };
		8492A0991F0CA4F100985C63 /* Info.plist */ = {isa = PBXFileReference; lastKnownFileType = text.plist.xml; path = Info.plist; sourceTree = "<group>"; };
		8492A0A21F0CA57700985C63 /* Assets.xcassets */ = {isa = PBXFileReference; lastKnownFileType = folder.assetcatalog; path = Assets.xcassets; sourceTree = "<group>"; };
		8492A0A51F0CA5A800985C63 /* MenuViewController.swift */ = {isa = PBXFileReference; fileEncoding = 4; lastKnownFileType = sourcecode.swift; path = MenuViewController.swift; sourceTree = "<group>"; };
		8492A0A71F0CA7A800985C63 /* MenuCollectionViewCell.swift */ = {isa = PBXFileReference; fileEncoding = 4; lastKnownFileType = sourcecode.swift; path = MenuCollectionViewCell.swift; sourceTree = "<group>"; };
		84C5F1051F0E0D2E00EBB709 /* TaxFreeViewController.swift */ = {isa = PBXFileReference; fileEncoding = 4; lastKnownFileType = sourcecode.swift; path = TaxFreeViewController.swift; sourceTree = "<group>"; };
		84C5F1071F0E0F4C00EBB709 /* StarshipHeader.xib */ = {isa = PBXFileReference; fileEncoding = 4; lastKnownFileType = file.xib; path = StarshipHeader.xib; sourceTree = "<group>"; };
		84C5F1091F0E142500EBB709 /* TaxFreeCollectionViewCell.swift */ = {isa = PBXFileReference; fileEncoding = 4; lastKnownFileType = sourcecode.swift; path = TaxFreeCollectionViewCell.swift; sourceTree = "<group>"; };
		84C5F10D1F0E318A00EBB709 /* AFWrapper.swift */ = {isa = PBXFileReference; fileEncoding = 4; lastKnownFileType = sourcecode.swift; path = AFWrapper.swift; sourceTree = "<group>"; };
		84C5F10F1F0E4FCD00EBB709 /* TaxFreeShop.swift */ = {isa = PBXFileReference; fileEncoding = 4; lastKnownFileType = sourcecode.swift; path = TaxFreeShop.swift; sourceTree = "<group>"; };
		84C5F1111F0E514C00EBB709 /* TaxFreeProducts.swift */ = {isa = PBXFileReference; fileEncoding = 4; lastKnownFileType = sourcecode.swift; path = TaxFreeProducts.swift; sourceTree = "<group>"; };
		84C5F1131F0E5E6700EBB709 /* WebService.swift */ = {isa = PBXFileReference; fileEncoding = 4; lastKnownFileType = sourcecode.swift; path = WebService.swift; sourceTree = "<group>"; };
		8947A334D492C6914F1A8F3A /* Pods-SmyrilLineTests.debug.xcconfig */ = {isa = PBXFileReference; includeInIndex = 1; lastKnownFileType = text.xcconfig; name = "Pods-SmyrilLineTests.debug.xcconfig"; path = "Pods/Target Support Files/Pods-SmyrilLineTests/Pods-SmyrilLineTests.debug.xcconfig"; sourceTree = "<group>"; };
		8C9101CE0B5A401E7A67C571 /* Pods-SmyrilLine.debug.xcconfig */ = {isa = PBXFileReference; includeInIndex = 1; lastKnownFileType = text.xcconfig; name = "Pods-SmyrilLine.debug.xcconfig"; path = "Pods/Target Support Files/Pods-SmyrilLine/Pods-SmyrilLine.debug.xcconfig"; sourceTree = "<group>"; };
		A51A91D91AD7A82C79BCE1CE /* Pods_SmyrilLineTests.framework */ = {isa = PBXFileReference; explicitFileType = wrapper.framework; includeInIndex = 0; path = Pods_SmyrilLineTests.framework; sourceTree = BUILT_PRODUCTS_DIR; };
		AE163FBA5DE90AAF0B7694ED /* Pods-SmyrilLine.release.xcconfig */ = {isa = PBXFileReference; includeInIndex = 1; lastKnownFileType = text.xcconfig; name = "Pods-SmyrilLine.release.xcconfig"; path = "Pods/Target Support Files/Pods-SmyrilLine/Pods-SmyrilLine.release.xcconfig"; sourceTree = "<group>"; };
/* End PBXFileReference section */

/* Begin PBXFrameworksBuildPhase section */
		8492A0791F0CA4F000985C63 /* Frameworks */ = {
			isa = PBXFrameworksBuildPhase;
			buildActionMask = 2147483647;
			files = (
				7CF004C922E69301DBC7A534 /* Pods_SmyrilLine.framework in Frameworks */,
			);
			runOnlyForDeploymentPostprocessing = 0;
		};
		8492A0901F0CA4F100985C63 /* Frameworks */ = {
			isa = PBXFrameworksBuildPhase;
			buildActionMask = 2147483647;
			files = (
				14FBD3A56EFC630D8619D9B1 /* Pods_SmyrilLineTests.framework in Frameworks */,
			);
			runOnlyForDeploymentPostprocessing = 0;
		};
/* End PBXFrameworksBuildPhase section */

/* Begin PBXGroup section */
		0871F79BE714E500B4AB96B6 /* Frameworks */ = {
			isa = PBXGroup;
			children = (
				1A5B25EA4450B07F37810B3B /* Pods_SmyrilLine.framework */,
				A51A91D91AD7A82C79BCE1CE /* Pods_SmyrilLineTests.framework */,
			);
			name = Frameworks;
			sourceTree = "<group>";
		};
		8492A0731F0CA4F000985C63 = {
			isa = PBXGroup;
			children = (
				8492A07E1F0CA4F000985C63 /* SmyrilLine */,
				8492A0961F0CA4F100985C63 /* SmyrilLineTests */,
				8492A07D1F0CA4F000985C63 /* Products */,
				90C664406308F287C4028D8A /* Pods */,
				0871F79BE714E500B4AB96B6 /* Frameworks */,
			);
			sourceTree = "<group>";
		};
		8492A07D1F0CA4F000985C63 /* Products */ = {
			isa = PBXGroup;
			children = (
				8492A07C1F0CA4F000985C63 /* SmyrilLine.app */,
				8492A0931F0CA4F100985C63 /* SmyrilLineTests.xctest */,
			);
			name = Products;
			sourceTree = "<group>";
		};
		8492A07E1F0CA4F000985C63 /* SmyrilLine */ = {
			isa = PBXGroup;
			children = (
				8492A07F1F0CA4F000985C63 /* AppDelegate.swift */,
				8492A0811F0CA4F000985C63 /* ViewController.swift */,
				84C5F10C1F0E30B700EBB709 /* Web service */,
				8492A0A41F0CA59100985C63 /* Menu */,
				84C5F10B1F0E309E00EBB709 /* Tax free */,
				8492A0831F0CA4F000985C63 /* Main.storyboard */,
				84C5F1071F0E0F4C00EBB709 /* StarshipHeader.xib */,
				8492A0A21F0CA57700985C63 /* Assets.xcassets */,
				8492A08B1F0CA4F000985C63 /* LaunchScreen.storyboard */,
				8492A08E1F0CA4F000985C63 /* Info.plist */,
				8492A0861F0CA4F000985C63 /* SmyrilLine.xcdatamodeld */,
			);
			path = SmyrilLine;
			sourceTree = "<group>";
		};
		8492A0961F0CA4F100985C63 /* SmyrilLineTests */ = {
			isa = PBXGroup;
			children = (
				8492A0971F0CA4F100985C63 /* SmyrilLineTests.swift */,
				8492A0991F0CA4F100985C63 /* Info.plist */,
			);
			path = SmyrilLineTests;
			sourceTree = "<group>";
		};
		8492A0A41F0CA59100985C63 /* Menu */ = {
			isa = PBXGroup;
			children = (
				8492A0A51F0CA5A800985C63 /* MenuViewController.swift */,
				8492A0A71F0CA7A800985C63 /* MenuCollectionViewCell.swift */,
			);
			name = Menu;
			sourceTree = "<group>";
		};
		84C5F10B1F0E309E00EBB709 /* Tax free */ = {
			isa = PBXGroup;
			children = (
				84C5F1051F0E0D2E00EBB709 /* TaxFreeViewController.swift */,
				84C5F1091F0E142500EBB709 /* TaxFreeCollectionViewCell.swift */,
			);
			name = "Tax free";
			sourceTree = "<group>";
		};
		84C5F10C1F0E30B700EBB709 /* Web service */ = {
			isa = PBXGroup;
			children = (
				84C5F10D1F0E318A00EBB709 /* AFWrapper.swift */,
				84C5F1131F0E5E6700EBB709 /* WebService.swift */,
				84C5F10F1F0E4FCD00EBB709 /* TaxFreeShop.swift */,
				84C5F1111F0E514C00EBB709 /* TaxFreeProducts.swift */,
			);
			name = "Web service";
			sourceTree = "<group>";
		};
		90C664406308F287C4028D8A /* Pods */ = {
			isa = PBXGroup;
			children = (
				8C9101CE0B5A401E7A67C571 /* Pods-SmyrilLine.debug.xcconfig */,
				AE163FBA5DE90AAF0B7694ED /* Pods-SmyrilLine.release.xcconfig */,
				8947A334D492C6914F1A8F3A /* Pods-SmyrilLineTests.debug.xcconfig */,
				33F8076934B39B7118F267E3 /* Pods-SmyrilLineTests.release.xcconfig */,
			);
			name = Pods;
			sourceTree = "<group>";
		};
/* End PBXGroup section */

/* Begin PBXNativeTarget section */
		8492A07B1F0CA4F000985C63 /* SmyrilLine */ = {
			isa = PBXNativeTarget;
			buildConfigurationList = 8492A09C1F0CA4F100985C63 /* Build configuration list for PBXNativeTarget "SmyrilLine" */;
			buildPhases = (
				5168F2C4698C3180C937C0DD /* [CP] Check Pods Manifest.lock */,
				8492A0781F0CA4F000985C63 /* Sources */,
				8492A0791F0CA4F000985C63 /* Frameworks */,
				8492A07A1F0CA4F000985C63 /* Resources */,
				F38223272C3B5AE68B057123 /* [CP] Embed Pods Frameworks */,
				528F5A8FC4C5884DBD82910A /* [CP] Copy Pods Resources */,
			);
			buildRules = (
			);
			dependencies = (
			);
			name = SmyrilLine;
			productName = SmyrilLine;
			productReference = 8492A07C1F0CA4F000985C63 /* SmyrilLine.app */;
			productType = "com.apple.product-type.application";
		};
		8492A0921F0CA4F100985C63 /* SmyrilLineTests */ = {
			isa = PBXNativeTarget;
			buildConfigurationList = 8492A09F1F0CA4F100985C63 /* Build configuration list for PBXNativeTarget "SmyrilLineTests" */;
			buildPhases = (
				5E4D948491B8FE120A821594 /* [CP] Check Pods Manifest.lock */,
				8492A08F1F0CA4F100985C63 /* Sources */,
				8492A0901F0CA4F100985C63 /* Frameworks */,
				8492A0911F0CA4F100985C63 /* Resources */,
				D874389782F6C08BFE5F2A1B /* [CP] Embed Pods Frameworks */,
				59777F79055553B3CB134A31 /* [CP] Copy Pods Resources */,
			);
			buildRules = (
			);
			dependencies = (
				8492A0951F0CA4F100985C63 /* PBXTargetDependency */,
			);
			name = SmyrilLineTests;
			productName = SmyrilLineTests;
			productReference = 8492A0931F0CA4F100985C63 /* SmyrilLineTests.xctest */;
			productType = "com.apple.product-type.bundle.unit-test";
		};
/* End PBXNativeTarget section */

/* Begin PBXProject section */
		8492A0741F0CA4F000985C63 /* Project object */ = {
			isa = PBXProject;
			attributes = {
				LastSwiftUpdateCheck = 0830;
				LastUpgradeCheck = 0830;
				ORGANIZATIONNAME = "Rafay Hasan";
				TargetAttributes = {
					8492A07B1F0CA4F000985C63 = {
						CreatedOnToolsVersion = 8.3.2;
						DevelopmentTeam = 79YLMQ62DM;
						ProvisioningStyle = Manual;
					};
					8492A0921F0CA4F100985C63 = {
						CreatedOnToolsVersion = 8.3.2;
						ProvisioningStyle = Automatic;
						TestTargetID = 8492A07B1F0CA4F000985C63;
					};
				};
			};
			buildConfigurationList = 8492A0771F0CA4F000985C63 /* Build configuration list for PBXProject "SmyrilLine" */;
			compatibilityVersion = "Xcode 3.2";
			developmentRegion = English;
			hasScannedForEncodings = 0;
			knownRegions = (
				en,
				Base,
			);
			mainGroup = 8492A0731F0CA4F000985C63;
			productRefGroup = 8492A07D1F0CA4F000985C63 /* Products */;
			projectDirPath = "";
			projectRoot = "";
			targets = (
				8492A07B1F0CA4F000985C63 /* SmyrilLine */,
				8492A0921F0CA4F100985C63 /* SmyrilLineTests */,
			);
		};
/* End PBXProject section */

/* Begin PBXResourcesBuildPhase section */
		8492A07A1F0CA4F000985C63 /* Resources */ = {
			isa = PBXResourcesBuildPhase;
			buildActionMask = 2147483647;
			files = (
				8492A08D1F0CA4F000985C63 /* LaunchScreen.storyboard in Resources */,
				8492A0A31F0CA57700985C63 /* Assets.xcassets in Resources */,
				84C5F1081F0E0F4C00EBB709 /* StarshipHeader.xib in Resources */,
				8492A0851F0CA4F000985C63 /* Main.storyboard in Resources */,
			);
			runOnlyForDeploymentPostprocessing = 0;
		};
		8492A0911F0CA4F100985C63 /* Resources */ = {
			isa = PBXResourcesBuildPhase;
			buildActionMask = 2147483647;
			files = (
			);
			runOnlyForDeploymentPostprocessing = 0;
		};
/* End PBXResourcesBuildPhase section */

/* Begin PBXShellScriptBuildPhase section */
		5168F2C4698C3180C937C0DD /* [CP] Check Pods Manifest.lock */ = {
			isa = PBXShellScriptBuildPhase;
			buildActionMask = 2147483647;
			files = (
			);
			inputPaths = (
			);
			name = "[CP] Check Pods Manifest.lock";
			outputPaths = (
			);
			runOnlyForDeploymentPostprocessing = 0;
			shellPath = /bin/sh;
			shellScript = "diff \"${PODS_PODFILE_DIR_PATH}/Podfile.lock\" \"${PODS_ROOT}/Manifest.lock\" > /dev/null\nif [ $? != 0 ] ; then\n    # print error to STDERR\n    echo \"error: The sandbox is not in sync with the Podfile.lock. Run 'pod install' or update your CocoaPods installation.\" >&2\n    exit 1\nfi\n";
			showEnvVarsInLog = 0;
		};
		528F5A8FC4C5884DBD82910A /* [CP] Copy Pods Resources */ = {
			isa = PBXShellScriptBuildPhase;
			buildActionMask = 2147483647;
			files = (
			);
			inputPaths = (
			);
			name = "[CP] Copy Pods Resources";
			outputPaths = (
			);
			runOnlyForDeploymentPostprocessing = 0;
			shellPath = /bin/sh;
			shellScript = "\"${SRCROOT}/Pods/Target Support Files/Pods-SmyrilLine/Pods-SmyrilLine-resources.sh\"\n";
			showEnvVarsInLog = 0;
		};
		59777F79055553B3CB134A31 /* [CP] Copy Pods Resources */ = {
			isa = PBXShellScriptBuildPhase;
			buildActionMask = 2147483647;
			files = (
			);
			inputPaths = (
			);
			name = "[CP] Copy Pods Resources";
			outputPaths = (
			);
			runOnlyForDeploymentPostprocessing = 0;
			shellPath = /bin/sh;
			shellScript = "\"${SRCROOT}/Pods/Target Support Files/Pods-SmyrilLineTests/Pods-SmyrilLineTests-resources.sh\"\n";
			showEnvVarsInLog = 0;
		};
		5E4D948491B8FE120A821594 /* [CP] Check Pods Manifest.lock */ = {
			isa = PBXShellScriptBuildPhase;
			buildActionMask = 2147483647;
			files = (
			);
			inputPaths = (
			);
			name = "[CP] Check Pods Manifest.lock";
			outputPaths = (
			);
			runOnlyForDeploymentPostprocessing = 0;
			shellPath = /bin/sh;
			shellScript = "diff \"${PODS_PODFILE_DIR_PATH}/Podfile.lock\" \"${PODS_ROOT}/Manifest.lock\" > /dev/null\nif [ $? != 0 ] ; then\n    # print error to STDERR\n    echo \"error: The sandbox is not in sync with the Podfile.lock. Run 'pod install' or update your CocoaPods installation.\" >&2\n    exit 1\nfi\n";
			showEnvVarsInLog = 0;
		};
		D874389782F6C08BFE5F2A1B /* [CP] Embed Pods Frameworks */ = {
			isa = PBXShellScriptBuildPhase;
			buildActionMask = 2147483647;
			files = (
			);
			inputPaths = (
			);
			name = "[CP] Embed Pods Frameworks";
			outputPaths = (
			);
			runOnlyForDeploymentPostprocessing = 0;
			shellPath = /bin/sh;
			shellScript = "\"${SRCROOT}/Pods/Target Support Files/Pods-SmyrilLineTests/Pods-SmyrilLineTests-frameworks.sh\"\n";
			showEnvVarsInLog = 0;
		};
		F38223272C3B5AE68B057123 /* [CP] Embed Pods Frameworks */ = {
			isa = PBXShellScriptBuildPhase;
			buildActionMask = 2147483647;
			files = (
			);
			inputPaths = (
			);
			name = "[CP] Embed Pods Frameworks";
			outputPaths = (
			);
			runOnlyForDeploymentPostprocessing = 0;
			shellPath = /bin/sh;
			shellScript = "\"${SRCROOT}/Pods/Target Support Files/Pods-SmyrilLine/Pods-SmyrilLine-frameworks.sh\"\n";
			showEnvVarsInLog = 0;
		};
/* End PBXShellScriptBuildPhase section */

/* Begin PBXSourcesBuildPhase section */
		8492A0781F0CA4F000985C63 /* Sources */ = {
			isa = PBXSourcesBuildPhase;
			buildActionMask = 2147483647;
			files = (
				84C5F1141F0E5E6700EBB709 /* WebService.swift in Sources */,
				84C5F1061F0E0D2E00EBB709 /* TaxFreeViewController.swift in Sources */,
				8492A0881F0CA4F000985C63 /* SmyrilLine.xcdatamodeld in Sources */,
				84C5F10E1F0E318A00EBB709 /* AFWrapper.swift in Sources */,
				8492A0821F0CA4F000985C63 /* ViewController.swift in Sources */,
				84C5F10A1F0E142500EBB709 /* TaxFreeCollectionViewCell.swift in Sources */,
				8492A0801F0CA4F000985C63 /* AppDelegate.swift in Sources */,
				8492A0A61F0CA5A800985C63 /* MenuViewController.swift in Sources */,
				8492A0A81F0CA7A800985C63 /* MenuCollectionViewCell.swift in Sources */,
				84C5F1101F0E4FCD00EBB709 /* TaxFreeShop.swift in Sources */,
				84C5F1121F0E514C00EBB709 /* TaxFreeProducts.swift in Sources */,
			);
			runOnlyForDeploymentPostprocessing = 0;
		};
		8492A08F1F0CA4F100985C63 /* Sources */ = {
			isa = PBXSourcesBuildPhase;
			buildActionMask = 2147483647;
			files = (
				8492A0981F0CA4F100985C63 /* SmyrilLineTests.swift in Sources */,
			);
			runOnlyForDeploymentPostprocessing = 0;
		};
/* End PBXSourcesBuildPhase section */

/* Begin PBXTargetDependency section */
		8492A0951F0CA4F100985C63 /* PBXTargetDependency */ = {
			isa = PBXTargetDependency;
			target = 8492A07B1F0CA4F000985C63 /* SmyrilLine */;
			targetProxy = 8492A0941F0CA4F100985C63 /* PBXContainerItemProxy */;
		};
/* End PBXTargetDependency section */

/* Begin PBXVariantGroup section */
		8492A0831F0CA4F000985C63 /* Main.storyboard */ = {
			isa = PBXVariantGroup;
			children = (
				8492A0841F0CA4F000985C63 /* Base */,
			);
			name = Main.storyboard;
			sourceTree = "<group>";
		};
		8492A08B1F0CA4F000985C63 /* LaunchScreen.storyboard */ = {
			isa = PBXVariantGroup;
			children = (
				8492A08C1F0CA4F000985C63 /* Base */,
			);
			name = LaunchScreen.storyboard;
			sourceTree = "<group>";
		};
/* End PBXVariantGroup section */

/* Begin XCBuildConfiguration section */
		8492A09A1F0CA4F100985C63 /* Debug */ = {
			isa = XCBuildConfiguration;
			buildSettings = {
				ALWAYS_SEARCH_USER_PATHS = NO;
				CLANG_ANALYZER_NONNULL = YES;
				CLANG_ANALYZER_NUMBER_OBJECT_CONVERSION = YES_AGGRESSIVE;
				CLANG_CXX_LANGUAGE_STANDARD = "gnu++0x";
				CLANG_CXX_LIBRARY = "libc++";
				CLANG_ENABLE_MODULES = YES;
				CLANG_ENABLE_OBJC_ARC = YES;
				CLANG_WARN_BOOL_CONVERSION = YES;
				CLANG_WARN_CONSTANT_CONVERSION = YES;
				CLANG_WARN_DIRECT_OBJC_ISA_USAGE = YES_ERROR;
				CLANG_WARN_DOCUMENTATION_COMMENTS = YES;
				CLANG_WARN_EMPTY_BODY = YES;
				CLANG_WARN_ENUM_CONVERSION = YES;
				CLANG_WARN_INFINITE_RECURSION = YES;
				CLANG_WARN_INT_CONVERSION = YES;
				CLANG_WARN_OBJC_ROOT_CLASS = YES_ERROR;
				CLANG_WARN_SUSPICIOUS_MOVE = YES;
				CLANG_WARN_UNREACHABLE_CODE = YES;
				CLANG_WARN__DUPLICATE_METHOD_MATCH = YES;
				"CODE_SIGN_IDENTITY[sdk=iphoneos*]" = "iPhone Developer";
				COPY_PHASE_STRIP = NO;
				DEBUG_INFORMATION_FORMAT = dwarf;
				ENABLE_STRICT_OBJC_MSGSEND = YES;
				ENABLE_TESTABILITY = YES;
				GCC_C_LANGUAGE_STANDARD = gnu99;
				GCC_DYNAMIC_NO_PIC = NO;
				GCC_NO_COMMON_BLOCKS = YES;
				GCC_OPTIMIZATION_LEVEL = 0;
				GCC_PREPROCESSOR_DEFINITIONS = (
					"DEBUG=1",
					"$(inherited)",
				);
				GCC_WARN_64_TO_32_BIT_CONVERSION = YES;
				GCC_WARN_ABOUT_RETURN_TYPE = YES_ERROR;
				GCC_WARN_UNDECLARED_SELECTOR = YES;
				GCC_WARN_UNINITIALIZED_AUTOS = YES_AGGRESSIVE;
				GCC_WARN_UNUSED_FUNCTION = YES;
				GCC_WARN_UNUSED_VARIABLE = YES;
				IPHONEOS_DEPLOYMENT_TARGET = 10.3;
				MTL_ENABLE_DEBUG_INFO = YES;
				ONLY_ACTIVE_ARCH = YES;
				SDKROOT = iphoneos;
				SWIFT_ACTIVE_COMPILATION_CONDITIONS = DEBUG;
				SWIFT_OPTIMIZATION_LEVEL = "-Onone";
				TARGETED_DEVICE_FAMILY = "1,2";
			};
			name = Debug;
		};
		8492A09B1F0CA4F100985C63 /* Release */ = {
			isa = XCBuildConfiguration;
			buildSettings = {
				ALWAYS_SEARCH_USER_PATHS = NO;
				CLANG_ANALYZER_NONNULL = YES;
				CLANG_ANALYZER_NUMBER_OBJECT_CONVERSION = YES_AGGRESSIVE;
				CLANG_CXX_LANGUAGE_STANDARD = "gnu++0x";
				CLANG_CXX_LIBRARY = "libc++";
				CLANG_ENABLE_MODULES = YES;
				CLANG_ENABLE_OBJC_ARC = YES;
				CLANG_WARN_BOOL_CONVERSION = YES;
				CLANG_WARN_CONSTANT_CONVERSION = YES;
				CLANG_WARN_DIRECT_OBJC_ISA_USAGE = YES_ERROR;
				CLANG_WARN_DOCUMENTATION_COMMENTS = YES;
				CLANG_WARN_EMPTY_BODY = YES;
				CLANG_WARN_ENUM_CONVERSION = YES;
				CLANG_WARN_INFINITE_RECURSION = YES;
				CLANG_WARN_INT_CONVERSION = YES;
				CLANG_WARN_OBJC_ROOT_CLASS = YES_ERROR;
				CLANG_WARN_SUSPICIOUS_MOVE = YES;
				CLANG_WARN_UNREACHABLE_CODE = YES;
				CLANG_WARN__DUPLICATE_METHOD_MATCH = YES;
				"CODE_SIGN_IDENTITY[sdk=iphoneos*]" = "iPhone Developer";
				COPY_PHASE_STRIP = NO;
				DEBUG_INFORMATION_FORMAT = "dwarf-with-dsym";
				ENABLE_NS_ASSERTIONS = NO;
				ENABLE_STRICT_OBJC_MSGSEND = YES;
				GCC_C_LANGUAGE_STANDARD = gnu99;
				GCC_NO_COMMON_BLOCKS = YES;
				GCC_WARN_64_TO_32_BIT_CONVERSION = YES;
				GCC_WARN_ABOUT_RETURN_TYPE = YES_ERROR;
				GCC_WARN_UNDECLARED_SELECTOR = YES;
				GCC_WARN_UNINITIALIZED_AUTOS = YES_AGGRESSIVE;
				GCC_WARN_UNUSED_FUNCTION = YES;
				GCC_WARN_UNUSED_VARIABLE = YES;
				IPHONEOS_DEPLOYMENT_TARGET = 10.3;
				MTL_ENABLE_DEBUG_INFO = NO;
				SDKROOT = iphoneos;
				SWIFT_OPTIMIZATION_LEVEL = "-Owholemodule";
				TARGETED_DEVICE_FAMILY = "1,2";
				VALIDATE_PRODUCT = YES;
			};
			name = Release;
		};
		8492A09D1F0CA4F100985C63 /* Debug */ = {
			isa = XCBuildConfiguration;
			baseConfigurationReference = 8C9101CE0B5A401E7A67C571 /* Pods-SmyrilLine.debug.xcconfig */;
			buildSettings = {
				ASSETCATALOG_COMPILER_APPICON_NAME = AppIcon;
				DEVELOPMENT_TEAM = 79YLMQ62DM;
				INFOPLIST_FILE = SmyrilLine/Info.plist;
				LD_RUNPATH_SEARCH_PATHS = "$(inherited) @executable_path/Frameworks";
				PRODUCT_BUNDLE_IDENTIFIER = com.nascenia.rafayDebugProfile;
				PRODUCT_NAME = "$(TARGET_NAME)";
				PROVISIONING_PROFILE = "978abd86-1b36-4428-875b-88de8035c9d5";
				PROVISIONING_PROFILE_SPECIFIER = "MCP debug profile";
				SWIFT_VERSION = 3.0;
			};
			name = Debug;
		};
		8492A09E1F0CA4F100985C63 /* Release */ = {
			isa = XCBuildConfiguration;
			baseConfigurationReference = AE163FBA5DE90AAF0B7694ED /* Pods-SmyrilLine.release.xcconfig */;
			buildSettings = {
				ASSETCATALOG_COMPILER_APPICON_NAME = AppIcon;
				DEVELOPMENT_TEAM = 79YLMQ62DM;
				INFOPLIST_FILE = SmyrilLine/Info.plist;
				LD_RUNPATH_SEARCH_PATHS = "$(inherited) @executable_path/Frameworks";
				PRODUCT_BUNDLE_IDENTIFIER = com.nascenia.rafayDebugProfile;
				PRODUCT_NAME = "$(TARGET_NAME)";
				PROVISIONING_PROFILE = "978abd86-1b36-4428-875b-88de8035c9d5";
				PROVISIONING_PROFILE_SPECIFIER = "MCP debug profile";
				SWIFT_VERSION = 3.0;
			};
			name = Release;
		};
		8492A0A01F0CA4F100985C63 /* Debug */ = {
			isa = XCBuildConfiguration;
			baseConfigurationReference = 8947A334D492C6914F1A8F3A /* Pods-SmyrilLineTests.debug.xcconfig */;
			buildSettings = {
				ALWAYS_EMBED_SWIFT_STANDARD_LIBRARIES = YES;
				BUNDLE_LOADER = "$(TEST_HOST)";
				INFOPLIST_FILE = SmyrilLineTests/Info.plist;
				LD_RUNPATH_SEARCH_PATHS = "$(inherited) @executable_path/Frameworks @loader_path/Frameworks";
				PRODUCT_BUNDLE_IDENTIFIER = com.Nascenia.SmyrilLineTests;
				PRODUCT_NAME = "$(TARGET_NAME)";
				SWIFT_VERSION = 3.0;
				TEST_HOST = "$(BUILT_PRODUCTS_DIR)/SmyrilLine.app/SmyrilLine";
			};
			name = Debug;
		};
		8492A0A11F0CA4F100985C63 /* Release */ = {
			isa = XCBuildConfiguration;
			baseConfigurationReference = 33F8076934B39B7118F267E3 /* Pods-SmyrilLineTests.release.xcconfig */;
			buildSettings = {
				ALWAYS_EMBED_SWIFT_STANDARD_LIBRARIES = YES;
				BUNDLE_LOADER = "$(TEST_HOST)";
				INFOPLIST_FILE = SmyrilLineTests/Info.plist;
				LD_RUNPATH_SEARCH_PATHS = "$(inherited) @executable_path/Frameworks @loader_path/Frameworks";
				PRODUCT_BUNDLE_IDENTIFIER = com.Nascenia.SmyrilLineTests;
				PRODUCT_NAME = "$(TARGET_NAME)";
				SWIFT_VERSION = 3.0;
				TEST_HOST = "$(BUILT_PRODUCTS_DIR)/SmyrilLine.app/SmyrilLine";
			};
			name = Release;
		};
/* End XCBuildConfiguration section */

/* Begin XCConfigurationList section */
		8492A0771F0CA4F000985C63 /* Build configuration list for PBXProject "SmyrilLine" */ = {
			isa = XCConfigurationList;
			buildConfigurations = (
				8492A09A1F0CA4F100985C63 /* Debug */,
				8492A09B1F0CA4F100985C63 /* Release */,
			);
			defaultConfigurationIsVisible = 0;
			defaultConfigurationName = Release;
		};
		8492A09C1F0CA4F100985C63 /* Build configuration list for PBXNativeTarget "SmyrilLine" */ = {
			isa = XCConfigurationList;
			buildConfigurations = (
				8492A09D1F0CA4F100985C63 /* Debug */,
				8492A09E1F0CA4F100985C63 /* Release */,
			);
			defaultConfigurationIsVisible = 0;
			defaultConfigurationName = Release;
		};
		8492A09F1F0CA4F100985C63 /* Build configuration list for PBXNativeTarget "SmyrilLineTests" */ = {
			isa = XCConfigurationList;
			buildConfigurations = (
				8492A0A01F0CA4F100985C63 /* Debug */,
				8492A0A11F0CA4F100985C63 /* Release */,
			);
			defaultConfigurationIsVisible = 0;
			defaultConfigurationName = Release;
		};
/* End XCConfigurationList section */

/* Begin XCVersionGroup section */
		8492A0861F0CA4F000985C63 /* SmyrilLine.xcdatamodeld */ = {
			isa = XCVersionGroup;
			children = (
				8492A0871F0CA4F000985C63 /* SmyrilLine.xcdatamodel */,
			);
			currentVersion = 8492A0871F0CA4F000985C63 /* SmyrilLine.xcdatamodel */;
			path = SmyrilLine.xcdatamodeld;
			sourceTree = "<group>";
			versionGroupType = wrapper.xcdatamodel;
		};
/* End XCVersionGroup section */
	};
	rootObject = 8492A0741F0CA4F000985C63 /* Project object */;
}
